
Microsoft Visual Studio Solution File, Format Version 12.00
# Visual Studio Version 16
VisualStudioVersion = 16.0.31515.178
MinimumVisualStudioVersion = 10.0.40219.1
Project("{FAE04EC0-301F-11D3-BF4B-00C04F79EFBC}") = "QuanLyDuLieuHinhAnhYTe", "QuanLyDuLieuHinhAnhYTe\QuanLyDuLieuHinhAnhYTe.csproj", "{D5B23A69-8A10-4373-A8DC-07F93021A98E}"
EndProject
Global
	GlobalSection(SolutionConfigurationPlatforms) = preSolution
		Debug|Any CPU = Debug|Any CPU
		Release|Any CPU = Release|Any CPU
	EndGlobalSection
	GlobalSection(ProjectConfigurationPlatforms) = postSolution
		{D5B23A69-8A10-4373-A8DC-07F93021A98E}.Debug|Any CPU.ActiveCfg = Debug|Any CPU
		{D5B23A69-8A10-4373-A8DC-07F93021A98E}.Debug|Any CPU.Build.0 = Debug|Any CPU
		{D5B23A69-8A10-4373-A8DC-07F93021A98E}.Release|Any CPU.ActiveCfg = Release|Any CPU
		{D5B23A69-8A10-4373-A8DC-07F93021A98E}.Release|Any CPU.Build.0 = Release|Any CPU
	EndGlobalSection
	GlobalSection(SolutionProperties) = preSolution
		HideSolutionNode = FALSE
	EndGlobalSection
	GlobalSection(ExtensibilityGlobals) = postSolution
		SolutionGuid = {D9462BAF-0A3D-4C82-AC3F-BBAF92993B04}
	EndGlobalSection
EndGlobal
